{
  "version": "2",
  "remote": {
    "https://deno.land/std@0.192.0/_util/asserts.ts": "178dfc49a464aee693a7e285567b3d0b555dc805ff490505a8aae34f9cfb1462",
    "https://deno.land/std@0.192.0/async/abortable.ts": "fd682fa46f3b7b16b4606a5ab52a7ce309434b76f820d3221bdfb862719a15d7",
    "https://deno.land/std@0.192.0/async/deadline.ts": "58f72a3cc0fcb731b2cc055ba046f4b5be3349ff6bf98f2e793c3b969354aab2",
    "https://deno.land/std@0.192.0/async/debounce.ts": "adab11d04ca38d699444ac8a9d9856b4155e8dda2afd07ce78276c01ea5a4332",
    "https://deno.land/std@0.192.0/async/deferred.ts": "42790112f36a75a57db4a96d33974a936deb7b04d25c6084a9fa8a49f135def8",
    "https://deno.land/std@0.192.0/async/delay.ts": "73aa04cec034c84fc748c7be49bb15cac3dd43a57174bfdb7a4aec22c248f0dd",
    "https://deno.land/std@0.192.0/async/mod.ts": "f04344fa21738e5ad6bea37a6bfffd57c617c2d372bb9f9dcfd118a1b622e576",
    "https://deno.land/std@0.192.0/async/mux_async_iterator.ts": "70c7f2ee4e9466161350473ad61cac0b9f115cff4c552eaa7ef9d50c4cbb4cc9",
    "https://deno.land/std@0.192.0/async/pool.ts": "f1b8d3df4d7fd3c73f8cbc91cc2e8b8e950910f1eab94230b443944d7584c657",
    "https://deno.land/std@0.192.0/async/retry.ts": "6521c061a5ab24e8b1ae624bdc581c4243d1d574f99dc7f5a2a195c2241fb1b8",
    "https://deno.land/std@0.192.0/async/tee.ts": "47e42d35f622650b02234d43803d0383a89eb4387e1b83b5a40106d18ae36757",
    "https://deno.land/std@0.192.0/collections/_utils.ts": "5114abc026ddef71207a79609b984614e66a63a4bda17d819d56b0e72c51527e",
    "https://deno.land/std@0.192.0/collections/sample.ts": "1a744b2a486e2792332499d942ccc6edd2f40719f76a2a7a9ec185a3c07e59da",
    "https://deno.land/std@0.192.0/http/server.ts": "1b23463b5b36e4eebc495417f6af47a6f7d52e3294827a1226d2a1aab23d9d20",
    "https://deno.land/x/deno_plural@2.0.0/mod.ts": "9473507398048cb24dbb37b3a220777106c69c28d573898648deb2bb84a7e131",
    "https://deno.land/x/deno_plural@2.0.0/src/denoPlural.ts": "975dd7a85d25b44de78276d7dce93606c2cbbaa48718f5e83ba35af9e823f6f3",
    "https://deno.land/x/deno_plural@2.0.0/src/mod.ts": "b9e42705558be387dbdd76e524b5940b09d7356ffb27a7f388d9a17084a7d9bc",
    "https://deno.land/x/deno_plural@2.0.0/src/rules/en.ts": "78baa1ea1bde89f23ff5080b6721b49c7e33f0abf8013f0a6b34ecba7ac7a63c",
    "https://deno.land/x/deno_plural@2.0.0/src/types.ts": "9382d30f8cb2c0875a9021fb152323587f905b4e71510dbccea25af7c854ee2e",
    "https://deno.land/x/deno_plural@2.0.0/src/utils.ts": "d7db0793a17f48156ceb5a1a6efc6d25bea1c243e4ea02a7ccc411902ba26bf5",
    "https://deno.land/x/markup_tag@0.4.0/mod.ts": "27ac5deb9f5dff3b99cb202b21c74315fa17c762e7009c6e223bbdc7c2f7061d",
    "https://deno.land/x/rss@0.5.8/deps.ts": "7e1d455d3c3176f5c662e281c40456f2c81380fd3998bb1f84c5e285db4a5a88",
    "https://deno.land/x/rss@0.5.8/mod.ts": "e3543b4feeadb666a6973fa1d5139d928fb3d6fde8529021b3ac5e47e55681bb",
    "https://deno.land/x/rss@0.5.8/src/deserializer.ts": "897ed3a1ee73775e1aa85e40cfaa7d38966aa52bc801edcf9ce73b621b02ab55",
    "https://deno.land/x/rss@0.5.8/src/mappers/mapper.ts": "7eaa96ffeff9730070012c671b7f5187bbcb2af3e2ae0eb0c7949366bd1dc9eb",
    "https://deno.land/x/rss@0.5.8/src/mappers/mapper_legacy.ts": "2ee4a0f2e6546c45f916538fe0ca8c0c402318eb05676b12cf991f56310888f7",
    "https://deno.land/x/rss@0.5.8/src/mappers/media_mapper.ts": "d21314dc8d687cc7976c81b94d1e92bcb840f9a3cc59cfeef82a4835d60f6a2f",
    "https://deno.land/x/rss@0.5.8/src/mappers/mod.ts": "c7ea71d61bc4b6f6886f53701c1dffd974fe11d6d9d1f811064baeebf48899dc",
    "https://deno.land/x/rss@0.5.8/src/resolvers/atom_resolver.ts": "41107cc3c57f7b51b5a8c425bb7bf91773e9d8ace01fa6c0f1df8352532d46dd",
    "https://deno.land/x/rss@0.5.8/src/resolvers/dublin_core_resolver.ts": "cdc12e443e3ce7d96b839b7ed6e97d26f0500c4bd1c8051a88871fd9fce3bcd7",
    "https://deno.land/x/rss@0.5.8/src/resolvers/media_rss_resolver.ts": "d40784e616b98d83d4a6f0d7b8e31199096a4172f7fe401c871ad504bc556a3b",
    "https://deno.land/x/rss@0.5.8/src/resolvers/mod.ts": "063f3341070fa0e69cea48a9387a226e0a1c500193d7e75cb25b0a870717c8fa",
    "https://deno.land/x/rss@0.5.8/src/resolvers/rss1_resolver.ts": "76292ebe5ab13aa17408288f62d19bdd78c74b47307e2db7fc0df595305d37a4",
    "https://deno.land/x/rss@0.5.8/src/resolvers/rss2_resolver.ts": "a82b0e9e5ba0f73d4bd924de12b0d02575a2fc56142bea534a83e632bb166b97",
    "https://deno.land/x/rss@0.5.8/src/resolvers/slash_resolver.ts": "ea904b557a18961077bb974cea64629fd46f0cc5964fd8e66eaaeca5f0682ce4",
    "https://deno.land/x/rss@0.5.8/src/types/feed_type.ts": "b2098f23982be344a19f00915437550d1e4002fb653ac9e34455a90119ee4e6c",
    "https://deno.land/x/rss@0.5.8/src/types/fields/atom_fields.ts": "85bf1a4b3e917baa3c94f3fba8283b678d5a10e78a16c42cfa19b2ee0bf210b3",
    "https://deno.land/x/rss@0.5.8/src/types/fields/dublin_core_fields.ts": "fd6b7e5b660a4f99cabb7a62ae91ab48579de340e57c8dd7ad62c992e64c1644",
    "https://deno.land/x/rss@0.5.8/src/types/fields/media_rss_fields.ts": "076b1e23b6ca99002ffb13e5859164acdf45617aea90440acc75fb28f3aa00b4",
    "https://deno.land/x/rss@0.5.8/src/types/fields/mod.ts": "cdcbf786f30577d8e95648f10a6a1a069e6f68ba749e3b753caff94f205ddaaa",
    "https://deno.land/x/rss@0.5.8/src/types/fields/rss1_fields.ts": "04da9ca7d3fe2b59626c6b3bd18bfd41bf1b1531bc33f2d4f420f10da4e84f7e",
    "https://deno.land/x/rss@0.5.8/src/types/fields/rss2_fields.ts": "c5041472e42cdf04e9f6b2e6e2e334b016aff40524c9a4a4f2c3a5875f9508ea",
    "https://deno.land/x/rss@0.5.8/src/types/fields/slash_fields.ts": "11a1cf81744fe3b2bddbcf3a3ce6f86406d250198ef8c41e6fa58dd652e2e466",
    "https://deno.land/x/rss@0.5.8/src/types/internal/internal_dublin_core.ts": "9f3d63a2386335c8bfe03d3ca3aa6e71f437edb2df0c29f1317308f35cdbcfea",
    "https://deno.land/x/rss@0.5.8/src/types/mod.ts": "c8daacf748276644389dd3c8d9c5e6c964707cc59b719b35aa1a424d453d543c",
    "https://deno.land/x/rss@0.5.8/src/types/slash.ts": "9a08968ef416f818de3ab9778650fa0b586f9c8c60369bdbd365ba110c5f6f05",
    "https://deno.land/x/rss@0.5.8/src/util.ts": "a6611bcea8acf000eb01220092f1bea6c18aaf3ad82578c60563f25f6260c080",
    "https://deno.land/x/sax_ts@v1.2.10/src/sax.ts": "3d468d10d13d2690b5910fd12afc3cf52d979c0f144899d5c36da45c0931634e"
  }
}
